
Microsoft Visual Studio Solution File, Format Version 12.00
# Visual Studio Version 17
VisualStudioVersion = 17.1.32328.378
MinimumVisualStudioVersion = 10.0.40219.1
Project("{FAE04EC0-301F-11D3-BF4B-00C04F79EFBC}") = "snake", "snake\snake.csproj", "{C2AD4950-D0F4-4DB3-85DB-CECA63DD23F9}"
EndProject
Global
	GlobalSection(SolutionConfigurationPlatforms) = preSolution
		Debug|Any CPU = Debug|Any CPU
		Release|Any CPU = Release|Any CPU
	EndGlobalSection
	GlobalSection(ProjectConfigurationPlatforms) = postSolution
		{C2AD4950-D0F4-4DB3-85DB-CECA63DD23F9}.Debug|Any CPU.ActiveCfg = Debug|Any CPU
		{C2AD4950-D0F4-4DB3-85DB-CECA63DD23F9}.Debug|Any CPU.Build.0 = Debug|Any CPU
		{C2AD4950-D0F4-4DB3-85DB-CECA63DD23F9}.Release|Any CPU.ActiveCfg = Release|Any CPU
		{C2AD4950-D0F4-4DB3-85DB-CECA63DD23F9}.Release|Any CPU.Build.0 = Release|Any CPU
	EndGlobalSection
	GlobalSection(SolutionProperties) = preSolution
		HideSolutionNode = FALSE
	EndGlobalSection
	GlobalSection(ExtensibilityGlobals) = postSolution
		SolutionGuid = {3AE30DD1-360F-430E-B411-D7031D32617F}
	EndGlobalSection
EndGlobal
